
Microsoft Visual Studio Solution File, Format Version 12.00
# Visual Studio Version 17
VisualStudioVersion = 17.0.32014.148
MinimumVisualStudioVersion = 10.0.40219.1
Project("{FAE04EC0-301F-11D3-BF4B-00C04F79EFBC}") = "BasicMethods", "BasicMethods.csproj", "{19B59B82-EF36-4EEC-B87A-7C8087340DF3}"
EndProject
Global
	GlobalSection(SolutionConfigurationPlatforms) = preSolution
		Debug|Any CPU = Debug|Any CPU
		Release|Any CPU = Release|Any CPU
	EndGlobalSection
	GlobalSection(ProjectConfigurationPlatforms) = postSolution
		{19B59B82-EF36-4EEC-B87A-7C8087340DF3}.Debug|Any CPU.ActiveCfg = Debug|Any CPU
		{19B59B82-EF36-4EEC-B87A-7C8087340DF3}.Debug|Any CPU.Build.0 = Debug|Any CPU
		{19B59B82-EF36-4EEC-B87A-7C8087340DF3}.Release|Any CPU.ActiveCfg = Release|Any CPU
		{19B59B82-EF36-4EEC-B87A-7C8087340DF3}.Release|Any CPU.Build.0 = Release|Any CPU
	EndGlobalSection
	GlobalSection(SolutionProperties) = preSolution
		HideSolutionNode = FALSE
	EndGlobalSection
	GlobalSection(ExtensibilityGlobals) = postSolution
		SolutionGuid = {DB108B35-39B7-416A-8CAF-CE94D0AB22DB}
	EndGlobalSection
EndGlobal
