Microsoft Visual Studio Solution File, Format Version 12.00
# Visual Studio Version 17
VisualStudioVersion = 17.5.2.0
MinimumVisualStudioVersion = 10.0.40219.1
Project("{FAE04EC0-301F-11D3-BF4B-00C04F79EFBC}") = "CategoryManagementApp", "CategoryManagementApp.csproj", "{A0A44E08-BE97-833F-7EDC-48F708101E4B}"
EndProject
Global
	GlobalSection(SolutionConfigurationPlatforms) = preSolution
		Debug|Any CPU = Debug|Any CPU
		Release|Any CPU = Release|Any CPU
	EndGlobalSection
	GlobalSection(ProjectConfigurationPlatforms) = postSolution
		{A0A44E08-BE97-833F-7EDC-48F708101E4B}.Debug|Any CPU.ActiveCfg = Debug|Any CPU
		{A0A44E08-BE97-833F-7EDC-48F708101E4B}.Debug|Any CPU.Build.0 = Debug|Any CPU
		{A0A44E08-BE97-833F-7EDC-48F708101E4B}.Release|Any CPU.ActiveCfg = Release|Any CPU
		{A0A44E08-BE97-833F-7EDC-48F708101E4B}.Release|Any CPU.Build.0 = Release|Any CPU
	EndGlobalSection
	GlobalSection(SolutionProperties) = preSolution
		HideSolutionNode = FALSE
	EndGlobalSection
	GlobalSection(ExtensibilityGlobals) = postSolution
		SolutionGuid = {1878A1D3-C9F4-43C0-8BF8-FCE4297F4383}
	EndGlobalSection
EndGlobal
